
Microsoft Visual Studio Solution File, Format Version 12.00
# Visual Studio 15
VisualStudioVersion = 15.0.28010.2019
MinimumVisualStudioVersion = 10.0.40219.1
Project("{FAE04EC0-301F-11D3-BF4B-00C04F79EFBC}") = "DependencyGraph", "DependencyGraph\DependencyGraph.csproj", "{04521BEE-B17F-41EC-A4B1-F5891FBE4A3E}"
EndProject
Project("{FAE04EC0-301F-11D3-BF4B-00C04F79EFBC}") = "DevelopmentTests", "DevelopmentTests\DevelopmentTests.csproj", "{7D4BAD68-2B86-488C-9BC1-525C7C8F5417}"
EndProject
Project("{FAE04EC0-301F-11D3-BF4B-00C04F79EFBC}") = "PS2StaffUnitTests", "PS2StaffUnitTests\PS2StaffUnitTests.csproj", "{5B3C820B-AAA3-431E-ABD5-7FA9EF7C37E5}"
EndProject
Global
	GlobalSection(SolutionConfigurationPlatforms) = preSolution
		Debug|Any CPU = Debug|Any CPU
		Release|Any CPU = Release|Any CPU
	EndGlobalSection
	GlobalSection(ProjectConfigurationPlatforms) = postSolution
		{04521BEE-B17F-41EC-A4B1-F5891FBE4A3E}.Debug|Any CPU.ActiveCfg = Debug|Any CPU
		{04521BEE-B17F-41EC-A4B1-F5891FBE4A3E}.Debug|Any CPU.Build.0 = Debug|Any CPU
		{04521BEE-B17F-41EC-A4B1-F5891FBE4A3E}.Release|Any CPU.ActiveCfg = Release|Any CPU
		{04521BEE-B17F-41EC-A4B1-F5891FBE4A3E}.Release|Any CPU.Build.0 = Release|Any CPU
		{7D4BAD68-2B86-488C-9BC1-525C7C8F5417}.Debug|Any CPU.ActiveCfg = Debug|Any CPU
		{7D4BAD68-2B86-488C-9BC1-525C7C8F5417}.Debug|Any CPU.Build.0 = Debug|Any CPU
		{7D4BAD68-2B86-488C-9BC1-525C7C8F5417}.Release|Any CPU.ActiveCfg = Release|Any CPU
		{7D4BAD68-2B86-488C-9BC1-525C7C8F5417}.Release|Any CPU.Build.0 = Release|Any CPU
		{5B3C820B-AAA3-431E-ABD5-7FA9EF7C37E5}.Debug|Any CPU.ActiveCfg = Debug|Any CPU
		{5B3C820B-AAA3-431E-ABD5-7FA9EF7C37E5}.Debug|Any CPU.Build.0 = Debug|Any CPU
		{5B3C820B-AAA3-431E-ABD5-7FA9EF7C37E5}.Release|Any CPU.ActiveCfg = Release|Any CPU
		{5B3C820B-AAA3-431E-ABD5-7FA9EF7C37E5}.Release|Any CPU.Build.0 = Release|Any CPU
	EndGlobalSection
	GlobalSection(SolutionProperties) = preSolution
		HideSolutionNode = FALSE
	EndGlobalSection
	GlobalSection(ExtensibilityGlobals) = postSolution
		SolutionGuid = {256416EC-AEE7-41AF-A947-0580D2153B56}
	EndGlobalSection
EndGlobal
